
Microsoft Visual Studio Solution File, Format Version 12.00
# Visual Studio Version 17
VisualStudioVersion = 17.5.33530.505
MinimumVisualStudioVersion = 10.0.40219.1
Project("{FAE04EC0-301F-11D3-BF4B-00C04F79EFBC}") = "AppGeoLocalizacao.Android", "AppGeoLocalizacao\AppGeoLocalizacao.Android\AppGeoLocalizacao.Android.csproj", "{24B1A084-9E58-4511-9A70-65036DDE34DD}"
EndProject
Project("{FAE04EC0-301F-11D3-BF4B-00C04F79EFBC}") = "AppGeoLocalizacao", "AppGeoLocalizacao\AppGeoLocalizacao\AppGeoLocalizacao.csproj", "{3B4A0080-D3A6-4B20-96B8-8FBFF9774EB8}"
EndProject
Global
	GlobalSection(SolutionConfigurationPlatforms) = preSolution
		Debug|Any CPU = Debug|Any CPU
		Release|Any CPU = Release|Any CPU
	EndGlobalSection
	GlobalSection(ProjectConfigurationPlatforms) = postSolution
		{24B1A084-9E58-4511-9A70-65036DDE34DD}.Debug|Any CPU.ActiveCfg = Debug|Any CPU
		{24B1A084-9E58-4511-9A70-65036DDE34DD}.Debug|Any CPU.Build.0 = Debug|Any CPU
		{24B1A084-9E58-4511-9A70-65036DDE34DD}.Debug|Any CPU.Deploy.0 = Debug|Any CPU
		{24B1A084-9E58-4511-9A70-65036DDE34DD}.Release|Any CPU.ActiveCfg = Release|Any CPU
		{24B1A084-9E58-4511-9A70-65036DDE34DD}.Release|Any CPU.Build.0 = Release|Any CPU
		{24B1A084-9E58-4511-9A70-65036DDE34DD}.Release|Any CPU.Deploy.0 = Release|Any CPU
		{3B4A0080-D3A6-4B20-96B8-8FBFF9774EB8}.Debug|Any CPU.ActiveCfg = Debug|Any CPU
		{3B4A0080-D3A6-4B20-96B8-8FBFF9774EB8}.Debug|Any CPU.Build.0 = Debug|Any CPU
		{3B4A0080-D3A6-4B20-96B8-8FBFF9774EB8}.Debug|Any CPU.Deploy.0 = Debug|Any CPU
		{3B4A0080-D3A6-4B20-96B8-8FBFF9774EB8}.Release|Any CPU.ActiveCfg = Release|Any CPU
		{3B4A0080-D3A6-4B20-96B8-8FBFF9774EB8}.Release|Any CPU.Build.0 = Release|Any CPU
		{3B4A0080-D3A6-4B20-96B8-8FBFF9774EB8}.Release|Any CPU.Deploy.0 = Release|Any CPU
	EndGlobalSection
	GlobalSection(SolutionProperties) = preSolution
		HideSolutionNode = FALSE
	EndGlobalSection
	GlobalSection(ExtensibilityGlobals) = postSolution
		SolutionGuid = {15D31D01-981A-4622-98A9-E86067D37D76}
	EndGlobalSection
EndGlobal
